
Microsoft Visual Studio Solution File, Format Version 12.00
# Visual Studio Version 17
VisualStudioVersion = 17.6.33723.286
MinimumVisualStudioVersion = 10.0.40219.1
Project("{FAE04EC0-301F-11D3-BF4B-00C04F79EFBC}") = "Catalog.Api", "Catalog.Api\Catalog.Api.csproj", "{10DF5A9E-B5E0-49BB-88A2-0063CD4EADD2}"
EndProject
Project("{9A19103F-16F7-4668-BE54-9A1E7A4F7556}") = "Layer.Entity", "Layer.Entity\Layer.Entity.csproj", "{B1FDBABC-283A-4E65-96A4-6AA12B02BAEE}"
EndProject
Project("{9A19103F-16F7-4668-BE54-9A1E7A4F7556}") = "Layer.Repository", "Layer.Repositories\Layer.Repository.csproj", "{D36602C5-07E9-4D73-A604-D042FC93F230}"
EndProject
Project("{9A19103F-16F7-4668-BE54-9A1E7A4F7556}") = "Layer.Service", "Layer.Service\Layer.Service.csproj", "{CF128146-5201-4127-9F0A-7685DBB2AFCC}"
EndProject
Project("{9A19103F-16F7-4668-BE54-9A1E7A4F7556}") = "Layer.Presentation", "Layer.Presentation\Layer.Presentation.csproj", "{86A4122B-8694-4B21-B947-3B83161FCE06}"
EndProject
Global
	GlobalSection(SolutionConfigurationPlatforms) = preSolution
		Debug|Any CPU = Debug|Any CPU
		Release|Any CPU = Release|Any CPU
	EndGlobalSection
	GlobalSection(ProjectConfigurationPlatforms) = postSolution
		{10DF5A9E-B5E0-49BB-88A2-0063CD4EADD2}.Debug|Any CPU.ActiveCfg = Debug|Any CPU
		{10DF5A9E-B5E0-49BB-88A2-0063CD4EADD2}.Debug|Any CPU.Build.0 = Debug|Any CPU
		{10DF5A9E-B5E0-49BB-88A2-0063CD4EADD2}.Release|Any CPU.ActiveCfg = Release|Any CPU
		{10DF5A9E-B5E0-49BB-88A2-0063CD4EADD2}.Release|Any CPU.Build.0 = Release|Any CPU
		{B1FDBABC-283A-4E65-96A4-6AA12B02BAEE}.Debug|Any CPU.ActiveCfg = Debug|Any CPU
		{B1FDBABC-283A-4E65-96A4-6AA12B02BAEE}.Debug|Any CPU.Build.0 = Debug|Any CPU
		{B1FDBABC-283A-4E65-96A4-6AA12B02BAEE}.Release|Any CPU.ActiveCfg = Release|Any CPU
		{B1FDBABC-283A-4E65-96A4-6AA12B02BAEE}.Release|Any CPU.Build.0 = Release|Any CPU
		{D36602C5-07E9-4D73-A604-D042FC93F230}.Debug|Any CPU.ActiveCfg = Debug|Any CPU
		{D36602C5-07E9-4D73-A604-D042FC93F230}.Debug|Any CPU.Build.0 = Debug|Any CPU
		{D36602C5-07E9-4D73-A604-D042FC93F230}.Release|Any CPU.ActiveCfg = Release|Any CPU
		{D36602C5-07E9-4D73-A604-D042FC93F230}.Release|Any CPU.Build.0 = Release|Any CPU
		{CF128146-5201-4127-9F0A-7685DBB2AFCC}.Debug|Any CPU.ActiveCfg = Debug|Any CPU
		{CF128146-5201-4127-9F0A-7685DBB2AFCC}.Debug|Any CPU.Build.0 = Debug|Any CPU
		{CF128146-5201-4127-9F0A-7685DBB2AFCC}.Release|Any CPU.ActiveCfg = Release|Any CPU
		{CF128146-5201-4127-9F0A-7685DBB2AFCC}.Release|Any CPU.Build.0 = Release|Any CPU
		{86A4122B-8694-4B21-B947-3B83161FCE06}.Debug|Any CPU.ActiveCfg = Debug|Any CPU
		{86A4122B-8694-4B21-B947-3B83161FCE06}.Debug|Any CPU.Build.0 = Debug|Any CPU
		{86A4122B-8694-4B21-B947-3B83161FCE06}.Release|Any CPU.ActiveCfg = Release|Any CPU
		{86A4122B-8694-4B21-B947-3B83161FCE06}.Release|Any CPU.Build.0 = Release|Any CPU
	EndGlobalSection
	GlobalSection(SolutionProperties) = preSolution
		HideSolutionNode = FALSE
	EndGlobalSection
	GlobalSection(ExtensibilityGlobals) = postSolution
		SolutionGuid = {797D69D7-172B-4A95-85CE-CB3795DA3713}
	EndGlobalSection
EndGlobal
